
Microsoft Visual Studio Solution File, Format Version 12.00
# Visual Studio Version 16
VisualStudioVersion = 25.0.1705.2
MinimumVisualStudioVersion = 10.0.40219.1
Project("{FAE04EC0-301F-11D3-BF4B-00C04F79EFBC}") = "Hospital", "Hospital.csproj", "{72143E14-FACD-4FBE-883A-0547E469C4A2}"
EndProject
Global
	GlobalSection(SolutionConfigurationPlatforms) = preSolution
		Debug|Any CPU = Debug|Any CPU
		Release|Any CPU = Release|Any CPU
	EndGlobalSection
	GlobalSection(ProjectConfigurationPlatforms) = postSolution
		{72143E14-FACD-4FBE-883A-0547E469C4A2}.Debug|Any CPU.ActiveCfg = Debug|Any CPU
		{72143E14-FACD-4FBE-883A-0547E469C4A2}.Debug|Any CPU.Build.0 = Debug|Any CPU
		{72143E14-FACD-4FBE-883A-0547E469C4A2}.Release|Any CPU.ActiveCfg = Release|Any CPU
		{72143E14-FACD-4FBE-883A-0547E469C4A2}.Release|Any CPU.Build.0 = Release|Any CPU
	EndGlobalSection
	GlobalSection(SolutionProperties) = preSolution
		HideSolutionNode = FALSE
	EndGlobalSection
	GlobalSection(ExtensibilityGlobals) = postSolution
		SolutionGuid = {541C1FB3-0B9B-419E-A9E4-CFBBE22DD663}
	EndGlobalSection
EndGlobal
